// !$*UTF8*$!
{
	archiveVersion = 1;
	classes = {
	};
	objectVersion = 46;
	objects = {

/* Begin PBXBuildFile section */
		3EA16D381D25CDE3009F4985 /* AppDelegate.swift in Sources */ = {isa = PBXBuildFile; fileRef = 3EA16D371D25CDE3009F4985 /* AppDelegate.swift */; };
		3EA16D3A1D25CDE3009F4985 /* ViewController.swift in Sources */ = {isa = PBXBuildFile; fileRef = 3EA16D391D25CDE3009F4985 /* ViewController.swift */; };
		3EA16D3D1D25CDE3009F4985 /* Main.storyboard in Resources */ = {isa = PBXBuildFile; fileRef = 3EA16D3B1D25CDE3009F4985 /* Main.storyboard */; };
		3EA16D401D25CDE3009F4985 /* trak3.xcdatamodeld in Sources */ = {isa = PBXBuildFile; fileRef = 3EA16D3E1D25CDE3009F4985 /* trak3.xcdatamodeld */; };
		3EA16D421D25CDE3009F4985 /* Assets.xcassets in Resources */ = {isa = PBXBuildFile; fileRef = 3EA16D411D25CDE3009F4985 /* Assets.xcassets */; };
		3EA16D451D25CDE3009F4985 /* LaunchScreen.storyboard in Resources */ = {isa = PBXBuildFile; fileRef = 3EA16D431D25CDE3009F4985 /* LaunchScreen.storyboard */; };
		3EB6C6B41D2ABE7100D712A8 /* CoreLocation.framework in Frameworks */ = {isa = PBXBuildFile; fileRef = 3EB6C6B31D2ABE7100D712A8 /* CoreLocation.framework */; };
		3EB6C6B61D2ABE7900D712A8 /* MapKit.framework in Frameworks */ = {isa = PBXBuildFile; fileRef = 3EB6C6B51D2ABE7900D712A8 /* MapKit.framework */; };
		3EB6C6B81D2ABF6500D712A8 /* ActivityViewController.swift in Sources */ = {isa = PBXBuildFile; fileRef = 3EB6C6B71D2ABF6500D712A8 /* ActivityViewController.swift */; };
/* End PBXBuildFile section */

/* Begin PBXFileReference section */
		3EA16D341D25CDE3009F4985 /* trak3.app */ = {isa = PBXFileReference; explicitFileType = wrapper.application; includeInIndex = 0; path = trak3.app; sourceTree = BUILT_PRODUCTS_DIR; };
		3EA16D371D25CDE3009F4985 /* AppDelegate.swift */ = {isa = PBXFileReference; lastKnownFileType = sourcecode.swift; path = AppDelegate.swift; sourceTree = "<group>"; };
		3EA16D391D25CDE3009F4985 /* ViewController.swift */ = {isa = PBXFileReference; lastKnownFileType = sourcecode.swift; path = ViewController.swift; sourceTree = "<group>"; };
		3EA16D3C1D25CDE3009F4985 /* Base */ = {isa = PBXFileReference; lastKnownFileType = file.storyboard; name = Base; path = Base.lproj/Main.storyboard; sourceTree = "<group>"; };
		3EA16D3F1D25CDE3009F4985 /* trak3.xcdatamodel */ = {isa = PBXFileReference; lastKnownFileType = wrapper.xcdatamodel; path = trak3.xcdatamodel; sourceTree = "<group>"; };
		3EA16D411D25CDE3009F4985 /* Assets.xcassets */ = {isa = PBXFileReference; lastKnownFileType = folder.assetcatalog; path = Assets.xcassets; sourceTree = "<group>"; };
		3EA16D441D25CDE3009F4985 /* Base */ = {isa = PBXFileReference; lastKnownFileType = file.storyboard; name = Base; path = Base.lproj/LaunchScreen.storyboard; sourceTree = "<group>"; };
		3EA16D461D25CDE3009F4985 /* Info.plist */ = {isa = PBXFileReference; lastKnownFileType = text.plist.xml; path = Info.plist; sourceTree = "<group>"; };
		3EB6C6B31D2ABE7100D712A8 /* CoreLocation.framework */ = {isa = PBXFileReference; lastKnownFileType = wrapper.framework; name = CoreLocation.framework; path = System/Library/Frameworks/CoreLocation.framework; sourceTree = SDKROOT; };
		3EB6C6B51D2ABE7900D712A8 /* MapKit.framework */ = {isa = PBXFileReference; lastKnownFileType = wrapper.framework; name = MapKit.framework; path = System/Library/Frameworks/MapKit.framework; sourceTree = SDKROOT; };
		3EB6C6B71D2ABF6500D712A8 /* ActivityViewController.swift */ = {isa = PBXFileReference; fileEncoding = 4; lastKnownFileType = sourcecode.swift; path = ActivityViewController.swift; sourceTree = "<group>"; };
/* End PBXFileReference section */

/* Begin PBXFrameworksBuildPhase section */
		3EA16D311D25CDE3009F4985 /* Frameworks */ = {
			isa = PBXFrameworksBuildPhase;
			buildActionMask = 2147483647;
			files = (
				3EB6C6B61D2ABE7900D712A8 /* MapKit.framework in Frameworks */,
				3EB6C6B41D2ABE7100D712A8 /* CoreLocation.framework in Frameworks */,
			);
			runOnlyForDeploymentPostprocessing = 0;
		};
/* End PBXFrameworksBuildPhase section */

/* Begin PBXGroup section */
		3EA16D2B1D25CDE3009F4985 = {
			isa = PBXGroup;
			children = (
				3EB6C6B51D2ABE7900D712A8 /* MapKit.framework */,
				3EB6C6B31D2ABE7100D712A8 /* CoreLocation.framework */,
				3EA16D361D25CDE3009F4985 /* trak3 */,
				3EA16D351D25CDE3009F4985 /* Products */,
			);
			sourceTree = "<group>";
		};
		3EA16D351D25CDE3009F4985 /* Products */ = {
			isa = PBXGroup;
			children = (
				3EA16D341D25CDE3009F4985 /* trak3.app */,
			);
			name = Products;
			sourceTree = "<group>";
		};
		3EA16D361D25CDE3009F4985 /* trak3 */ = {
			isa = PBXGroup;
			children = (
				3EA16D371D25CDE3009F4985 /* AppDelegate.swift */,
				3EA16D391D25CDE3009F4985 /* ViewController.swift */,
				3EA16D3B1D25CDE3009F4985 /* Main.storyboard */,
				3EB6C6B71D2ABF6500D712A8 /* ActivityViewController.swift */,
				3EA16D411D25CDE3009F4985 /* Assets.xcassets */,
				3EA16D431D25CDE3009F4985 /* LaunchScreen.storyboard */,
				3EA16D461D25CDE3009F4985 /* Info.plist */,
				3EA16D3E1D25CDE3009F4985 /* trak3.xcdatamodeld */,
			);
			path = trak3;
			sourceTree = "<group>";
		};
/* End PBXGroup section */

/* Begin PBXNativeTarget section */
		3EA16D331D25CDE3009F4985 /* trak3 */ = {
			isa = PBXNativeTarget;
			buildConfigurationList = 3EA16D491D25CDE3009F4985 /* Build configuration list for PBXNativeTarget "trak3" */;
			buildPhases = (
				3EA16D301D25CDE3009F4985 /* Sources */,
				3EA16D311D25CDE3009F4985 /* Frameworks */,
				3EA16D321D25CDE3009F4985 /* Resources */,
			);
			buildRules = (
			);
			dependencies = (
			);
			name = trak3;
			productName = trak3;
			productReference = 3EA16D341D25CDE3009F4985 /* trak3.app */;
			productType = "com.apple.product-type.application";
		};
/* End PBXNativeTarget section */

/* Begin PBXProject section */
		3EA16D2C1D25CDE3009F4985 /* Project object */ = {
			isa = PBXProject;
			attributes = {
				LastSwiftUpdateCheck = 0730;
				LastUpgradeCheck = 0730;
				ORGANIZATIONNAME = "George Gogarten";
				TargetAttributes = {
					3EA16D331D25CDE3009F4985 = {
						CreatedOnToolsVersion = 7.3;
						DevelopmentTeam = C8G9U4K76Y;
					};
				};
			};
			buildConfigurationList = 3EA16D2F1D25CDE3009F4985 /* Build configuration list for PBXProject "trak3" */;
			compatibilityVersion = "Xcode 3.2";
			developmentRegion = English;
			hasScannedForEncodings = 0;
			knownRegions = (
				en,
				Base,
			);
			mainGroup = 3EA16D2B1D25CDE3009F4985;
			productRefGroup = 3EA16D351D25CDE3009F4985 /* Products */;
			projectDirPath = "";
			projectRoot = "";
			targets = (
				3EA16D331D25CDE3009F4985 /* trak3 */,
			);
		};
/* End PBXProject section */

/* Begin PBXResourcesBuildPhase section */
		3EA16D321D25CDE3009F4985 /* Resources */ = {
			isa = PBXResourcesBuildPhase;
			buildActionMask = 2147483647;
			files = (
				3EA16D451D25CDE3009F4985 /* LaunchScreen.storyboard in Resources */,
				3EA16D421D25CDE3009F4985 /* Assets.xcassets in Resources */,
				3EA16D3D1D25CDE3009F4985 /* Main.storyboard in Resources */,
			);
			runOnlyForDeploymentPostprocessing = 0;
		};
/* End PBXResourcesBuildPhase section */

/* Begin PBXSourcesBuildPhase section */
		3EA16D301D25CDE3009F4985 /* Sources */ = {
			isa = PBXSourcesBuildPhase;
			buildActionMask = 2147483647;
			files = (
				3EA16D3A1D25CDE3009F4985 /* ViewController.swift in Sources */,
				3EA16D401D25CDE3009F4985 /* trak3.xcdatamodeld in Sources */,
				3EA16D381D25CDE3009F4985 /* AppDelegate.swift in Sources */,
				3EB6C6B81D2ABF6500D712A8 /* ActivityViewController.swift in Sources */,
			);
			runOnlyForDeploymentPostprocessing = 0;
		};
/* End PBXSourcesBuildPhase section */

/* Begin PBXVariantGroup section */
		3EA16D3B1D25CDE3009F4985 /* Main.storyboard */ = {
			isa = PBXVariantGroup;
			children = (
				3EA16D3C1D25CDE3009F4985 /* Base */,
			);
			name = Main.storyboard;
			sourceTree = "<group>";
		};
		3EA16D431D25CDE3009F4985 /* LaunchScreen.storyboard */ = {
			isa = PBXVariantGroup;
			children = (
				3EA16D441D25CDE3009F4985 /* Base */,
			);
			name = LaunchScreen.storyboard;
			sourceTree = "<group>";
		};
/* End PBXVariantGroup section */

/* Begin XCBuildConfiguration section */
		3EA16D471D25CDE3009F4985 /* Debug */ = {
			isa = XCBuildConfiguration;
			buildSettings = {
				ALWAYS_SEARCH_USER_PATHS = NO;
				CLANG_ANALYZER_NONNULL = YES;
				CLANG_CXX_LANGUAGE_STANDARD = "gnu++0x";
				CLANG_CXX_LIBRARY = "libc++";
				CLANG_ENABLE_MODULES = YES;
				CLANG_ENABLE_OBJC_ARC = YES;
				CLANG_WARN_BOOL_CONVERSION = YES;
				CLANG_WARN_CONSTANT_CONVERSION = YES;
				CLANG_WARN_DIRECT_OBJC_ISA_USAGE = YES_ERROR;
				CLANG_WARN_EMPTY_BODY = YES;
				CLANG_WARN_ENUM_CONVERSION = YES;
				CLANG_WARN_INT_CONVERSION = YES;
				CLANG_WARN_OBJC_ROOT_CLASS = YES_ERROR;
				CLANG_WARN_UNREACHABLE_CODE = YES;
				CLANG_WARN__DUPLICATE_METHOD_MATCH = YES;
				"CODE_SIGN_IDENTITY[sdk=iphoneos*]" = "iPhone Developer";
				COPY_PHASE_STRIP = NO;
				DEBUG_INFORMATION_FORMAT = dwarf;
				ENABLE_STRICT_OBJC_MSGSEND = YES;
				ENABLE_TESTABILITY = YES;
				GCC_C_LANGUAGE_STANDARD = gnu99;
				GCC_DYNAMIC_NO_PIC = NO;
				GCC_NO_COMMON_BLOCKS = YES;
				GCC_OPTIMIZATION_LEVEL = 0;
				GCC_PREPROCESSOR_DEFINITIONS = (
					"DEBUG=1",
					"$(inherited)",
				);
				GCC_WARN_64_TO_32_BIT_CONVERSION = YES;
				GCC_WARN_ABOUT_RETURN_TYPE = YES_ERROR;
				GCC_WARN_UNDECLARED_SELECTOR = YES;
				GCC_WARN_UNINITIALIZED_AUTOS = YES_AGGRESSIVE;
				GCC_WARN_UNUSED_FUNCTION = YES;
				GCC_WARN_UNUSED_VARIABLE = YES;
				IPHONEOS_DEPLOYMENT_TARGET = 9.3;
				MTL_ENABLE_DEBUG_INFO = YES;
				ONLY_ACTIVE_ARCH = YES;
				SDKROOT = iphoneos;
				SWIFT_OPTIMIZATION_LEVEL = "-Onone";
			};
			name = Debug;
		};
		3EA16D481D25CDE3009F4985 /* Release */ = {
			isa = XCBuildConfiguration;
			buildSettings = {
				ALWAYS_SEARCH_USER_PATHS = NO;
				CLANG_ANALYZER_NONNULL = YES;
				CLANG_CXX_LANGUAGE_STANDARD = "gnu++0x";
				CLANG_CXX_LIBRARY = "libc++";
				CLANG_ENABLE_MODULES = YES;
				CLANG_ENABLE_OBJC_ARC = YES;
				CLANG_WARN_BOOL_CONVERSION = YES;
				CLANG_WARN_CONSTANT_CONVERSION = YES;
				CLANG_WARN_DIRECT_OBJC_ISA_USAGE = YES_ERROR;
				CLANG_WARN_EMPTY_BODY = YES;
				CLANG_WARN_ENUM_CONVERSION = YES;
				CLANG_WARN_INT_CONVERSION = YES;
				CLANG_WARN_OBJC_ROOT_CLASS = YES_ERROR;
				CLANG_WARN_UNREACHABLE_CODE = YES;
				CLANG_WARN__DUPLICATE_METHOD_MATCH = YES;
				"CODE_SIGN_IDENTITY[sdk=iphoneos*]" = "iPhone Developer";
				COPY_PHASE_STRIP = NO;
				DEBUG_INFORMATION_FORMAT = "dwarf-with-dsym";
				ENABLE_NS_ASSERTIONS = NO;
				ENABLE_STRICT_OBJC_MSGSEND = YES;
				GCC_C_LANGUAGE_STANDARD = gnu99;
				GCC_NO_COMMON_BLOCKS = YES;
				GCC_WARN_64_TO_32_BIT_CONVERSION = YES;
				GCC_WARN_ABOUT_RETURN_TYPE = YES_ERROR;
				GCC_WARN_UNDECLARED_SELECTOR = YES;
				GCC_WARN_UNINITIALIZED_AUTOS = YES_AGGRESSIVE;
				GCC_WARN_UNUSED_FUNCTION = YES;
				GCC_WARN_UNUSED_VARIABLE = YES;
				IPHONEOS_DEPLOYMENT_TARGET = 9.3;
				MTL_ENABLE_DEBUG_INFO = NO;
				SDKROOT = iphoneos;
				VALIDATE_PRODUCT = YES;
			};
			name = Release;
		};
		3EA16D4A1D25CDE3009F4985 /* Debug */ = {
			isa = XCBuildConfiguration;
			buildSettings = {
				ASSETCATALOG_COMPILER_APPICON_NAME = AppIcon;
				INFOPLIST_FILE = trak3/Info.plist;
				LD_RUNPATH_SEARCH_PATHS = "$(inherited) @executable_path/Frameworks";
				PRODUCT_BUNDLE_IDENTIFIER = com.gogarten.trak3;
				PRODUCT_NAME = "$(TARGET_NAME)";
			};
			name = Debug;
		};
		3EA16D4B1D25CDE3009F4985 /* Release */ = {
			isa = XCBuildConfiguration;
			buildSettings = {
				ASSETCATALOG_COMPILER_APPICON_NAME = AppIcon;
				INFOPLIST_FILE = trak3/Info.plist;
				LD_RUNPATH_SEARCH_PATHS = "$(inherited) @executable_path/Frameworks";
				PRODUCT_BUNDLE_IDENTIFIER = com.gogarten.trak3;
				PRODUCT_NAME = "$(TARGET_NAME)";
			};
			name = Release;
		};
/* End XCBuildConfiguration section */

/* Begin XCConfigurationList section */
		3EA16D2F1D25CDE3009F4985 /* Build configuration list for PBXProject "trak3" */ = {
			isa = XCConfigurationList;
			buildConfigurations = (
				3EA16D471D25CDE3009F4985 /* Debug */,
				3EA16D481D25CDE3009F4985 /* Release */,
			);
			defaultConfigurationIsVisible = 0;
			defaultConfigurationName = Release;
		};
		3EA16D491D25CDE3009F4985 /* Build configuration list for PBXNativeTarget "trak3" */ = {
			isa = XCConfigurationList;
			buildConfigurations = (
				3EA16D4A1D25CDE3009F4985 /* Debug */,
				3EA16D4B1D25CDE3009F4985 /* Release */,
			);
			defaultConfigurationIsVisible = 0;
			defaultConfigurationName = Release;
		};
/* End XCConfigurationList section */

/* Begin XCVersionGroup section */
		3EA16D3E1D25CDE3009F4985 /* trak3.xcdatamodeld */ = {
			isa = XCVersionGroup;
			children = (
				3EA16D3F1D25CDE3009F4985 /* trak3.xcdatamodel */,
			);
			currentVersion = 3EA16D3F1D25CDE3009F4985 /* trak3.xcdatamodel */;
			path = trak3.xcdatamodeld;
			sourceTree = "<group>";
			versionGroupType = wrapper.xcdatamodel;
		};
/* End XCVersionGroup section */
	};
	rootObject = 3EA16D2C1D25CDE3009F4985 /* Project object */;
}
